
Microsoft Visual Studio Solution File, Format Version 12.00
# Visual Studio 15
VisualStudioVersion = 15.0.28307.329
MinimumVisualStudioVersion = 10.0.40219.1
Project("{FAE04EC0-301F-11D3-BF4B-00C04F79EFBC}") = "ProductStock", "ProductStock\ProductStock.csproj", "{4657E900-FB58-4BDA-A0FD-A7E0CCCA6A68}"
EndProject
Project("{FAE04EC0-301F-11D3-BF4B-00C04F79EFBC}") = "Entity", "Entity\Entity.csproj", "{8F06C21A-94E4-430B-B3E0-39AA573B61E7}"
EndProject
Project("{FAE04EC0-301F-11D3-BF4B-00C04F79EFBC}") = "DataAccess", "DataAccess\DataAccess.csproj", "{ECC8D52C-BDEF-4736-95D4-5DEFD3B5CEF3}"
EndProject
Project("{FAE04EC0-301F-11D3-BF4B-00C04F79EFBC}") = "Util", "Util\Util.csproj", "{9621498D-44A8-4FC1-A5E7-081B9A87D6A5}"
EndProject
Project("{FAE04EC0-301F-11D3-BF4B-00C04F79EFBC}") = "Repository", "Repository\Repository.csproj", "{BF6779F3-CB7E-46DB-87DD-5580F379AB07}"
EndProject
Global
	GlobalSection(SolutionConfigurationPlatforms) = preSolution
		Debug|Any CPU = Debug|Any CPU
		Release|Any CPU = Release|Any CPU
	EndGlobalSection
	GlobalSection(ProjectConfigurationPlatforms) = postSolution
		{4657E900-FB58-4BDA-A0FD-A7E0CCCA6A68}.Debug|Any CPU.ActiveCfg = Debug|Any CPU
		{4657E900-FB58-4BDA-A0FD-A7E0CCCA6A68}.Debug|Any CPU.Build.0 = Debug|Any CPU
		{4657E900-FB58-4BDA-A0FD-A7E0CCCA6A68}.Release|Any CPU.ActiveCfg = Release|Any CPU
		{4657E900-FB58-4BDA-A0FD-A7E0CCCA6A68}.Release|Any CPU.Build.0 = Release|Any CPU
		{8F06C21A-94E4-430B-B3E0-39AA573B61E7}.Debug|Any CPU.ActiveCfg = Debug|Any CPU
		{8F06C21A-94E4-430B-B3E0-39AA573B61E7}.Debug|Any CPU.Build.0 = Debug|Any CPU
		{8F06C21A-94E4-430B-B3E0-39AA573B61E7}.Release|Any CPU.ActiveCfg = Release|Any CPU
		{8F06C21A-94E4-430B-B3E0-39AA573B61E7}.Release|Any CPU.Build.0 = Release|Any CPU
		{ECC8D52C-BDEF-4736-95D4-5DEFD3B5CEF3}.Debug|Any CPU.ActiveCfg = Debug|Any CPU
		{ECC8D52C-BDEF-4736-95D4-5DEFD3B5CEF3}.Debug|Any CPU.Build.0 = Debug|Any CPU
		{ECC8D52C-BDEF-4736-95D4-5DEFD3B5CEF3}.Release|Any CPU.ActiveCfg = Release|Any CPU
		{ECC8D52C-BDEF-4736-95D4-5DEFD3B5CEF3}.Release|Any CPU.Build.0 = Release|Any CPU
		{9621498D-44A8-4FC1-A5E7-081B9A87D6A5}.Debug|Any CPU.ActiveCfg = Debug|Any CPU
		{9621498D-44A8-4FC1-A5E7-081B9A87D6A5}.Debug|Any CPU.Build.0 = Debug|Any CPU
		{9621498D-44A8-4FC1-A5E7-081B9A87D6A5}.Release|Any CPU.ActiveCfg = Release|Any CPU
		{9621498D-44A8-4FC1-A5E7-081B9A87D6A5}.Release|Any CPU.Build.0 = Release|Any CPU
		{BF6779F3-CB7E-46DB-87DD-5580F379AB07}.Debug|Any CPU.ActiveCfg = Debug|Any CPU
		{BF6779F3-CB7E-46DB-87DD-5580F379AB07}.Debug|Any CPU.Build.0 = Debug|Any CPU
		{BF6779F3-CB7E-46DB-87DD-5580F379AB07}.Release|Any CPU.ActiveCfg = Release|Any CPU
		{BF6779F3-CB7E-46DB-87DD-5580F379AB07}.Release|Any CPU.Build.0 = Release|Any CPU
	EndGlobalSection
	GlobalSection(SolutionProperties) = preSolution
		HideSolutionNode = FALSE
	EndGlobalSection
	GlobalSection(ExtensibilityGlobals) = postSolution
		SolutionGuid = {84D57468-8F6C-498C-8368-402D98BFEFC0}
	EndGlobalSection
EndGlobal
