
Microsoft Visual Studio Solution File, Format Version 12.00
# Visual Studio Version 16
VisualStudioVersion = 16.0.30621.155
MinimumVisualStudioVersion = 10.0.40219.1
Project("{FAE04EC0-301F-11D3-BF4B-00C04F79EFBC}") = "SeCuBe.Test.WebAPI", "SeCuBe.Test.WebAPI\SeCuBe.Test.WebAPI.csproj", "{3CF2D5B8-2DB4-4A52-B2F5-FF97C6A22815}"
EndProject
Global
	GlobalSection(SolutionConfigurationPlatforms) = preSolution
		Debug|Any CPU = Debug|Any CPU
		Release|Any CPU = Release|Any CPU
	EndGlobalSection
	GlobalSection(ProjectConfigurationPlatforms) = postSolution
		{3CF2D5B8-2DB4-4A52-B2F5-FF97C6A22815}.Debug|Any CPU.ActiveCfg = Debug|Any CPU
		{3CF2D5B8-2DB4-4A52-B2F5-FF97C6A22815}.Debug|Any CPU.Build.0 = Debug|Any CPU
		{3CF2D5B8-2DB4-4A52-B2F5-FF97C6A22815}.Release|Any CPU.ActiveCfg = Release|Any CPU
		{3CF2D5B8-2DB4-4A52-B2F5-FF97C6A22815}.Release|Any CPU.Build.0 = Release|Any CPU
	EndGlobalSection
	GlobalSection(SolutionProperties) = preSolution
		HideSolutionNode = FALSE
	EndGlobalSection
	GlobalSection(ExtensibilityGlobals) = postSolution
		SolutionGuid = {AB67D372-2C8F-41E6-B590-443D15C00012}
	EndGlobalSection
EndGlobal
